
Microsoft Visual Studio Solution File, Format Version 12.00
Project("{FAE04EC0-301F-11D3-BF4B-00C04F79EFBC}") = "Kolokwium_s26486", "Kolokwium_s26486\Kolokwium_s26486.csproj", "{6CC70CF6-7182-45BC-A9D0-9E5AA71830EE}"
EndProject
Global
	GlobalSection(SolutionConfigurationPlatforms) = preSolution
		Debug|Any CPU = Debug|Any CPU
		Release|Any CPU = Release|Any CPU
	EndGlobalSection
	GlobalSection(ProjectConfigurationPlatforms) = postSolution
		{6CC70CF6-7182-45BC-A9D0-9E5AA71830EE}.Debug|Any CPU.ActiveCfg = Debug|Any CPU
		{6CC70CF6-7182-45BC-A9D0-9E5AA71830EE}.Debug|Any CPU.Build.0 = Debug|Any CPU
		{6CC70CF6-7182-45BC-A9D0-9E5AA71830EE}.Release|Any CPU.ActiveCfg = Release|Any CPU
		{6CC70CF6-7182-45BC-A9D0-9E5AA71830EE}.Release|Any CPU.Build.0 = Release|Any CPU
	EndGlobalSection
EndGlobal
