
Microsoft Visual Studio Solution File, Format Version 12.00
Project("{FAE04EC0-301F-11D3-BF4B-00C04F79EFBC}") = "kolokwium_v2", "kolokwium_v2\kolokwium_v2.csproj", "{BFF944A5-B8AD-4F6B-A111-BF2D260672FC}"
EndProject
Global
	GlobalSection(SolutionConfigurationPlatforms) = preSolution
		Debug|Any CPU = Debug|Any CPU
		Release|Any CPU = Release|Any CPU
	EndGlobalSection
	GlobalSection(ProjectConfigurationPlatforms) = postSolution
		{BFF944A5-B8AD-4F6B-A111-BF2D260672FC}.Debug|Any CPU.ActiveCfg = Debug|Any CPU
		{BFF944A5-B8AD-4F6B-A111-BF2D260672FC}.Debug|Any CPU.Build.0 = Debug|Any CPU
		{BFF944A5-B8AD-4F6B-A111-BF2D260672FC}.Release|Any CPU.ActiveCfg = Release|Any CPU
		{BFF944A5-B8AD-4F6B-A111-BF2D260672FC}.Release|Any CPU.Build.0 = Release|Any CPU
	EndGlobalSection
EndGlobal
